Microsoft Visual Studio Solution File, Format Version 12.00
# Visual Studio 14
VisualStudioVersion = 14.0.25420.0
MinimumVisualStudioVersion = 10.0.40219.1
Project("{FAE04EC0-301F-11D3-BF4B-00C04F79EFBC}") = "Markdown1", "Markdown1\Markdown1.csproj", "{042C8168-369D-44CB-97C6-95B50EC615FC}"
EndProject
Global
	GlobalSection(SolutionConfigurationPlatforms) = preSolution
		Debug|Any CPU = Debug|Any CPU
		Release|Any CPU = Release|Any CPU
	EndGlobalSection
	GlobalSection(ProjectConfigurationPlatforms) = postSolution
		{042C8168-369D-44CB-97C6-95B50EC615FC}.Debug|Any CPU.ActiveCfg = Debug|Any CPU
		{042C8168-369D-44CB-97C6-95B50EC615FC}.Debug|Any CPU.Build.0 = Debug|Any CPU
		{042C8168-369D-44CB-97C6-95B50EC615FC}.Release|Any CPU.ActiveCfg = Release|Any CPU
		{042C8168-369D-44CB-97C6-95B50EC615FC}.Release|Any CPU.Build.0 = Release|Any CPU
	EndGlobalSection
	GlobalSection(SolutionProperties) = preSolution
		HideSolutionNode = FALSE
	EndGlobalSection
EndGlobal
